// !$*UTF8*$!
{
	archiveVersion = 1;
	classes = {
	};
	objectVersion = 46;
	objects = {

/* Begin PBXBuildFile section */
		27AD1FB5159FF28700B7204B /* GradientButton.m in Sources */ = {isa = PBXBuildFile; fileRef = 27AD1FB4159FF28700B7204B /* GradientButton.m */; };
		27D2AFA8159DB36A007341A4 /* carbon_fibre.png in Resources */ = {isa = PBXBuildFile; fileRef = 27D2AFA7159DB36A007341A4 /* carbon_fibre.png */; };
		27D2AFAB159DB409007341A4 /* CalculatorBrain.m in Sources */ = {isa = PBXBuildFile; fileRef = 27D2AFAA159DB409007341A4 /* CalculatorBrain.m */; };
		27E37034159C602E00BCE332 /* UIKit.framework in Frameworks */ = {isa = PBXBuildFile; fileRef = 27E37033159C602E00BCE332 /* UIKit.framework */; };
		27E37036159C602E00BCE332 /* Foundation.framework in Frameworks */ = {isa = PBXBuildFile; fileRef = 27E37035159C602E00BCE332 /* Foundation.framework */; };
		27E37038159C602E00BCE332 /* CoreGraphics.framework in Frameworks */ = {isa = PBXBuildFile; fileRef = 27E37037159C602E00BCE332 /* CoreGraphics.framework */; };
		27E3703E159C602E00BCE332 /* InfoPlist.strings in Resources */ = {isa = PBXBuildFile; fileRef = 27E3703C159C602E00BCE332 /* InfoPlist.strings */; };
		27E37040159C602E00BCE332 /* main.m in Sources */ = {isa = PBXBuildFile; fileRef = 27E3703F159C602E00BCE332 /* main.m */; };
		27E37044159C602E00BCE332 /* CalculatorAppDelegate.m in Sources */ = {isa = PBXBuildFile; fileRef = 27E37043159C602E00BCE332 /* CalculatorAppDelegate.m */; };
		27E37047159C602E00BCE332 /* MainStoryboard.storyboard in Resources */ = {isa = PBXBuildFile; fileRef = 27E37045159C602E00BCE332 /* MainStoryboard.storyboard */; };
		27E3704A159C602E00BCE332 /* CalculatorViewController.m in Sources */ = {isa = PBXBuildFile; fileRef = 27E37049159C602E00BCE332 /* CalculatorViewController.m */; };
/* End PBXBuildFile section */

/* Begin PBXFileReference section */
		27AD1FB3159FF28700B7204B /* GradientButton.h */ = {isa = PBXFileReference; fileEncoding = 4; lastKnownFileType = sourcecode.c.h; path = GradientButton.h; sourceTree = "<group>"; };
		27AD1FB4159FF28700B7204B /* GradientButton.m */ = {isa = PBXFileReference; fileEncoding = 4; lastKnownFileType = sourcecode.c.objc; path = GradientButton.m; sourceTree = "<group>"; };
		27D2AFA7159DB36A007341A4 /* carbon_fibre.png */ = {isa = PBXFileReference; lastKnownFileType = image.png; name = carbon_fibre.png; path = Images/carbon_fibre.png; sourceTree = "<group>"; };
		27D2AFA9159DB409007341A4 /* CalculatorBrain.h */ = {isa = PBXFileReference; fileEncoding = 4; lastKnownFileType = sourcecode.c.h; path = CalculatorBrain.h; sourceTree = "<group>"; };
		27D2AFAA159DB409007341A4 /* CalculatorBrain.m */ = {isa = PBXFileReference; fileEncoding = 4; lastKnownFileType = sourcecode.c.objc; path = CalculatorBrain.m; sourceTree = "<group>"; };
		27E3702F159C602E00BCE332 /* Calculator.app */ = {isa = PBXFileReference; explicitFileType = wrapper.application; includeInIndex = 0; path = Calculator.app; sourceTree = BUILT_PRODUCTS_DIR; };
		27E37033159C602E00BCE332 /* UIKit.framework */ = {isa = PBXFileReference; lastKnownFileType = wrapper.framework; name = UIKit.framework; path = System/Library/Frameworks/UIKit.framework; sourceTree = SDKROOT; };
		27E37035159C602E00BCE332 /* Foundation.framework */ = {isa = PBXFileReference; lastKnownFileType = wrapper.framework; name = Foundation.framework; path = System/Library/Frameworks/Foundation.framework; sourceTree = SDKROOT; };
		27E37037159C602E00BCE332 /* CoreGraphics.framework */ = {isa = PBXFileReference; lastKnownFileType = wrapper.framework; name = CoreGraphics.framework; path = System/Library/Frameworks/CoreGraphics.framework; sourceTree = SDKROOT; };
		27E3703B159C602E00BCE332 /* Calculator-Info.plist */ = {isa = PBXFileReference; lastKnownFileType = text.plist.xml; path = "Calculator-Info.plist"; sourceTree = "<group>"; };
		27E3703D159C602E00BCE332 /* en */ = {isa = PBXFileReference; lastKnownFileType = text.plist.strings; name = en; path = en.lproj/InfoPlist.strings; sourceTree = "<group>"; };
		27E3703F159C602E00BCE332 /* main.m */ = {isa = PBXFileReference; lastKnownFileType = sourcecode.c.objc; path = main.m; sourceTree = "<group>"; };
		27E37041159C602E00BCE332 /* Calculator-Prefix.pch */ = {isa = PBXFileReference; lastKnownFileType = sourcecode.c.h; path = "Calculator-Prefix.pch"; sourceTree = "<group>"; };
		27E37042159C602E00BCE332 /* CalculatorAppDelegate.h */ = {isa = PBXFileReference; lastKnownFileType = sourcecode.c.h; path = CalculatorAppDelegate.h; sourceTree = "<group>"; };
		27E37043159C602E00BCE332 /* CalculatorAppDelegate.m */ = {isa = PBXFileReference; lastKnownFileType = sourcecode.c.objc; path = CalculatorAppDelegate.m; sourceTree = "<group>"; };
		27E37046159C602E00BCE332 /* en */ = {isa = PBXFileReference; lastKnownFileType = file.storyboard; name = en; path = en.lproj/MainStoryboard.storyboard; sourceTree = "<group>"; };
		27E37048159C602E00BCE332 /* CalculatorViewController.h */ = {isa = PBXFileReference; lastKnownFileType = sourcecode.c.h; path = CalculatorViewController.h; sourceTree = "<group>"; };
		27E37049159C602E00BCE332 /* CalculatorViewController.m */ = {isa = PBXFileReference; lastKnownFileType = sourcecode.c.objc; path = CalculatorViewController.m; sourceTree = "<group>"; };
/* End PBXFileReference section */

/* Begin PBXFrameworksBuildPhase section */
		27E3702C159C602E00BCE332 /* Frameworks */ = {
			isa = PBXFrameworksBuildPhase;
			buildActionMask = 2147483647;
			files = (
				27E37034159C602E00BCE332 /* UIKit.framework in Frameworks */,
				27E37036159C602E00BCE332 /* Foundation.framework in Frameworks */,
				27E37038159C602E00BCE332 /* CoreGraphics.framework in Frameworks */,
			);
			runOnlyForDeploymentPostprocessing = 0;
		};
/* End PBXFrameworksBuildPhase section */

/* Begin PBXGroup section */
		27E37024159C602E00BCE332 = {
			isa = PBXGroup;
			children = (
				27E37039159C602E00BCE332 /* Calculator */,
				27E37032159C602E00BCE332 /* Frameworks */,
				27E37030159C602E00BCE332 /* Products */,
			);
			sourceTree = "<group>";
		};
		27E37030159C602E00BCE332 /* Products */ = {
			isa = PBXGroup;
			children = (
				27E3702F159C602E00BCE332 /* Calculator.app */,
			);
			name = Products;
			sourceTree = "<group>";
		};
		27E37032159C602E00BCE332 /* Frameworks */ = {
			isa = PBXGroup;
			children = (
				27E37033159C602E00BCE332 /* UIKit.framework */,
				27E37035159C602E00BCE332 /* Foundation.framework */,
				27E37037159C602E00BCE332 /* CoreGraphics.framework */,
			);
			name = Frameworks;
			sourceTree = "<group>";
		};
		27E37039159C602E00BCE332 /* Calculator */ = {
			isa = PBXGroup;
			children = (
				27D2AFA7159DB36A007341A4 /* carbon_fibre.png */,
				27E37042159C602E00BCE332 /* CalculatorAppDelegate.h */,
				27E37043159C602E00BCE332 /* CalculatorAppDelegate.m */,
				27E37045159C602E00BCE332 /* MainStoryboard.storyboard */,
				27AD1FB3159FF28700B7204B /* GradientButton.h */,
				27AD1FB4159FF28700B7204B /* GradientButton.m */,
				27E37048159C602E00BCE332 /* CalculatorViewController.h */,
				27E37049159C602E00BCE332 /* CalculatorViewController.m */,
				27E3703A159C602E00BCE332 /* Supporting Files */,
				27D2AFA9159DB409007341A4 /* CalculatorBrain.h */,
				27D2AFAA159DB409007341A4 /* CalculatorBrain.m */,
			);
			path = Calculator;
			sourceTree = "<group>";
		};
		27E3703A159C602E00BCE332 /* Supporting Files */ = {
			isa = PBXGroup;
			children = (
				27E3703B159C602E00BCE332 /* Calculator-Info.plist */,
				27E3703C159C602E00BCE332 /* InfoPlist.strings */,
				27E3703F159C602E00BCE332 /* main.m */,
				27E37041159C602E00BCE332 /* Calculator-Prefix.pch */,
			);
			name = "Supporting Files";
			sourceTree = "<group>";
		};
/* End PBXGroup section */

/* Begin PBXNativeTarget section */
		27E3702E159C602E00BCE332 /* Calculator */ = {
			isa = PBXNativeTarget;
			buildConfigurationList = 27E3704D159C602E00BCE332 /* Build configuration list for PBXNativeTarget "Calculator" */;
			buildPhases = (
				27E3702B159C602E00BCE332 /* Sources */,
				27E3702C159C602E00BCE332 /* Frameworks */,
				27E3702D159C602E00BCE332 /* Resources */,
			);
			buildRules = (
			);
			dependencies = (
			);
			name = Calculator;
			productName = Calculator;
			productReference = 27E3702F159C602E00BCE332 /* Calculator.app */;
			productType = "com.apple.product-type.application";
		};
/* End PBXNativeTarget section */

/* Begin PBXProject section */
		27E37026159C602E00BCE332 /* Project object */ = {
			isa = PBXProject;
			attributes = {
				CLASSPREFIX = Calculator;
				LastUpgradeCheck = 0430;
			};
			buildConfigurationList = 27E37029159C602E00BCE332 /* Build configuration list for PBXProject "Calculator" */;
			compatibilityVersion = "Xcode 3.2";
			developmentRegion = English;
			hasScannedForEncodings = 0;
			knownRegions = (
				en,
			);
			mainGroup = 27E37024159C602E00BCE332;
			productRefGroup = 27E37030159C602E00BCE332 /* Products */;
			projectDirPath = "";
			projectRoot = "";
			targets = (
				27E3702E159C602E00BCE332 /* Calculator */,
			);
		};
/* End PBXProject section */

/* Begin PBXResourcesBuildPhase section */
		27E3702D159C602E00BCE332 /* Resources */ = {
			isa = PBXResourcesBuildPhase;
			buildActionMask = 2147483647;
			files = (
				27E3703E159C602E00BCE332 /* InfoPlist.strings in Resources */,
				27E37047159C602E00BCE332 /* MainStoryboard.storyboard in Resources */,
				27D2AFA8159DB36A007341A4 /* carbon_fibre.png in Resources */,
			);
			runOnlyForDeploymentPostprocessing = 0;
		};
/* End PBXResourcesBuildPhase section */

/* Begin PBXSourcesBuildPhase section */
		27E3702B159C602E00BCE332 /* Sources */ = {
			isa = PBXSourcesBuildPhase;
			buildActionMask = 2147483647;
			files = (
				27E37040159C602E00BCE332 /* main.m in Sources */,
				27E37044159C602E00BCE332 /* CalculatorAppDelegate.m in Sources */,
				27E3704A159C602E00BCE332 /* CalculatorViewController.m in Sources */,
				27D2AFAB159DB409007341A4 /* CalculatorBrain.m in Sources */,
				27AD1FB5159FF28700B7204B /* GradientButton.m in Sources */,
			);
			runOnlyForDeploymentPostprocessing = 0;
		};
/* End PBXSourcesBuildPhase section */

/* Begin PBXVariantGroup section */
		27E3703C159C602E00BCE332 /* InfoPlist.strings */ = {
			isa = PBXVariantGroup;
			children = (
				27E3703D159C602E00BCE332 /* en */,
			);
			name = InfoPlist.strings;
			sourceTree = "<group>";
		};
		27E37045159C602E00BCE332 /* MainStoryboard.storyboard */ = {
			isa = PBXVariantGroup;
			children = (
				27E37046159C602E00BCE332 /* en */,
			);
			name = MainStoryboard.storyboard;
			sourceTree = "<group>";
		};
/* End PBXVariantGroup section */

/* Begin XCBuildConfiguration section */
		27E3704B159C602E00BCE332 /* Debug */ = {
			isa = XCBuildConfiguration;
			buildSettings = {
				ALWAYS_SEARCH_USER_PATHS = NO;
				ARCHS = "$(ARCHS_STANDARD_32_BIT)";
				CLANG_ENABLE_OBJC_ARC = YES;
				"CODE_SIGN_IDENTITY[sdk=iphoneos*]" = "iPhone Developer";
				COPY_PHASE_STRIP = NO;
				GCC_C_LANGUAGE_STANDARD = gnu99;
				GCC_DYNAMIC_NO_PIC = NO;
				GCC_OPTIMIZATION_LEVEL = 0;
				GCC_PREPROCESSOR_DEFINITIONS = (
					"DEBUG=1",
					"$(inherited)",
				);
				GCC_SYMBOLS_PRIVATE_EXTERN = NO;
				GCC_VERSION = com.apple.compilers.llvm.clang.1_0;
				GCC_WARN_ABOUT_RETURN_TYPE = YES;
				GCC_WARN_UNINITIALIZED_AUTOS = YES;
				GCC_WARN_UNUSED_VARIABLE = YES;
				IPHONEOS_DEPLOYMENT_TARGET = 5.1;
				SDKROOT = iphoneos;
			};
			name = Debug;
		};
		27E3704C159C602E00BCE332 /* Release */ = {
			isa = XCBuildConfiguration;
			buildSettings = {
				ALWAYS_SEARCH_USER_PATHS = NO;
				ARCHS = "$(ARCHS_STANDARD_32_BIT)";
				CLANG_ENABLE_OBJC_ARC = YES;
				"CODE_SIGN_IDENTITY[sdk=iphoneos*]" = "iPhone Developer";
				COPY_PHASE_STRIP = YES;
				GCC_C_LANGUAGE_STANDARD = gnu99;
				GCC_VERSION = com.apple.compilers.llvm.clang.1_0;
				GCC_WARN_ABOUT_RETURN_TYPE = YES;
				GCC_WARN_UNINITIALIZED_AUTOS = YES;
				GCC_WARN_UNUSED_VARIABLE = YES;
				IPHONEOS_DEPLOYMENT_TARGET = 5.1;
				OTHER_CFLAGS = "-DNS_BLOCK_ASSERTIONS=1";
				SDKROOT = iphoneos;
				VALIDATE_PRODUCT = YES;
			};
			name = Release;
		};
		27E3704E159C602E00BCE332 /* Debug */ = {
			isa = XCBuildConfiguration;
			buildSettings = {
				GCC_PRECOMPILE_PREFIX_HEADER = YES;
				GCC_PREFIX_HEADER = "Calculator/Calculator-Prefix.pch";
				INFOPLIST_FILE = "Calculator/Calculator-Info.plist";
				PRODUCT_NAME = "$(TARGET_NAME)";
				WRAPPER_EXTENSION = app;
			};
			name = Debug;
		};
		27E3704F159C602E00BCE332 /* Release */ = {
			isa = XCBuildConfiguration;
			buildSettings = {
				GCC_PRECOMPILE_PREFIX_HEADER = YES;
				GCC_PREFIX_HEADER = "Calculator/Calculator-Prefix.pch";
				INFOPLIST_FILE = "Calculator/Calculator-Info.plist";
				PRODUCT_NAME = "$(TARGET_NAME)";
				WRAPPER_EXTENSION = app;
			};
			name = Release;
		};
/* End XCBuildConfiguration section */

/* Begin XCConfigurationList section */
		27E37029159C602E00BCE332 /* Build configuration list for PBXProject "Calculator" */ = {
			isa = XCConfigurationList;
			buildConfigurations = (
				27E3704B159C602E00BCE332 /* Debug */,
				27E3704C159C602E00BCE332 /* Release */,
			);
			defaultConfigurationIsVisible = 0;
			defaultConfigurationName = Release;
		};
		27E3704D159C602E00BCE332 /* Build configuration list for PBXNativeTarget "Calculator" */ = {
			isa = XCConfigurationList;
			buildConfigurations = (
				27E3704E159C602E00BCE332 /* Debug */,
				27E3704F159C602E00BCE332 /* Release */,
			);
			defaultConfigurationIsVisible = 0;
			defaultConfigurationName = Release;
		};
/* End XCConfigurationList section */
	};
	rootObject = 27E37026159C602E00BCE332 /* Project object */;
}
